
Microsoft Visual Studio Solution File, Format Version 12.00
# Visual Studio Version 16
VisualStudioVersion = 16.0.30413.136
MinimumVisualStudioVersion = 10.0.40219.1
Project("{FAE04EC0-301F-11D3-BF4B-00C04F79EFBC}") = "TechAssignment1", "TechAssignment1.csproj", "{3066EFAF-CFA7-4D3C-9183-426C522EC655}"
EndProject
Global
	GlobalSection(SolutionConfigurationPlatforms) = preSolution
		Debug|Any CPU = Debug|Any CPU
		Release|Any CPU = Release|Any CPU
	EndGlobalSection
	GlobalSection(ProjectConfigurationPlatforms) = postSolution
		{3066EFAF-CFA7-4D3C-9183-426C522EC655}.Debug|Any CPU.ActiveCfg = Debug|Any CPU
		{3066EFAF-CFA7-4D3C-9183-426C522EC655}.Debug|Any CPU.Build.0 = Debug|Any CPU
		{3066EFAF-CFA7-4D3C-9183-426C522EC655}.Release|Any CPU.ActiveCfg = Release|Any CPU
		{3066EFAF-CFA7-4D3C-9183-426C522EC655}.Release|Any CPU.Build.0 = Release|Any CPU
	EndGlobalSection
	GlobalSection(SolutionProperties) = preSolution
		HideSolutionNode = FALSE
	EndGlobalSection
	GlobalSection(ExtensibilityGlobals) = postSolution
		SolutionGuid = {9BEF6FFB-34A0-4C76-B42A-4131316E14E4}
	EndGlobalSection
EndGlobal
